
Microsoft Visual Studio Solution File, Format Version 12.00
# Visual Studio Version 16
VisualStudioVersion = 16.0.28803.452
MinimumVisualStudioVersion = 10.0.40219.1
Project("{2150E333-8FDC-42A3-9474-1A3956D46DE8}") = "Business", "Business", "{3AD28897-48F7-480A-9A01-D6B87174F278}"
EndProject
Project("{2150E333-8FDC-42A3-9474-1A3956D46DE8}") = "Database", "Database", "{3B23B561-BCA8-4148-90DA-05968BC05EA1}"
EndProject
Project("{2150E333-8FDC-42A3-9474-1A3956D46DE8}") = "Presentation", "Presentation", "{387BA6E9-6590-43EC-AB8B-ACC769747A73}"
EndProject
Project("{FAE04EC0-301F-11D3-BF4B-00C04F79EFBC}") = "PBS.Business.Core", "PBS.Business.Core\PBS.Business.Core.csproj", "{E4ECE58F-E6E1-4A41-B207-4DEB2F89AA1B}"
EndProject
Project("{FAE04EC0-301F-11D3-BF4B-00C04F79EFBC}") = "PBS.Business.Contracts", "PBS.Business.Contracts\PBS.Business.Contracts.csproj", "{BE12FFAA-42B9-4E62-8F2D-F47A6030891F}"
EndProject
Project("{FAE04EC0-301F-11D3-BF4B-00C04F79EFBC}") = "PBS.Business.DAL", "PBS.Business.DAL\PBS.Business.DAL.csproj", "{E090FB3D-3780-44BE-915D-208DADC0A9EC}"
EndProject
Project("{FAE04EC0-301F-11D3-BF4B-00C04F79EFBC}") = "PBS.Business.Services", "PBS.Business.Services\PBS.Business.Services.csproj", "{8E651B1A-DC1C-4E74-9760-963823D149B5}"
EndProject
Project("{FAE04EC0-301F-11D3-BF4B-00C04F79EFBC}") = "PBS.Business.Utilities", "PBS.Business.Utilities\PBS.Business.Utilities.csproj", "{ECBD22E2-904C-4E49-95E4-F3F0622A05B0}"
EndProject
Project("{FAE04EC0-301F-11D3-BF4B-00C04F79EFBC}") = "PBS.Database", "PBS.Database\PBS.Database.csproj", "{78E401EB-4509-4A48-BFB3-61FC23B56B7C}"
EndProject
Project("{FAE04EC0-301F-11D3-BF4B-00C04F79EFBC}") = "PBS.Api", "PBS.Api\PBS.Api.csproj", "{8050B769-AEFD-45EC-B5C9-00569AA8FE1B}"
EndProject
Project("{FAE04EC0-301F-11D3-BF4B-00C04F79EFBC}") = "PBS.Web", "PBS.Web\PBS.Web.csproj", "{AA4F618D-F45B-454C-BDB7-4351D3175667}"
EndProject
Global
	GlobalSection(SolutionConfigurationPlatforms) = preSolution
		Debug|Any CPU = Debug|Any CPU
		Release|Any CPU = Release|Any CPU
	EndGlobalSection
	GlobalSection(ProjectConfigurationPlatforms) = postSolution
		{E4ECE58F-E6E1-4A41-B207-4DEB2F89AA1B}.Debug|Any CPU.ActiveCfg = Debug|Any CPU
		{E4ECE58F-E6E1-4A41-B207-4DEB2F89AA1B}.Debug|Any CPU.Build.0 = Debug|Any CPU
		{E4ECE58F-E6E1-4A41-B207-4DEB2F89AA1B}.Release|Any CPU.ActiveCfg = Release|Any CPU
		{E4ECE58F-E6E1-4A41-B207-4DEB2F89AA1B}.Release|Any CPU.Build.0 = Release|Any CPU
		{BE12FFAA-42B9-4E62-8F2D-F47A6030891F}.Debug|Any CPU.ActiveCfg = Debug|Any CPU
		{BE12FFAA-42B9-4E62-8F2D-F47A6030891F}.Debug|Any CPU.Build.0 = Debug|Any CPU
		{BE12FFAA-42B9-4E62-8F2D-F47A6030891F}.Release|Any CPU.ActiveCfg = Release|Any CPU
		{BE12FFAA-42B9-4E62-8F2D-F47A6030891F}.Release|Any CPU.Build.0 = Release|Any CPU
		{E090FB3D-3780-44BE-915D-208DADC0A9EC}.Debug|Any CPU.ActiveCfg = Debug|Any CPU
		{E090FB3D-3780-44BE-915D-208DADC0A9EC}.Debug|Any CPU.Build.0 = Debug|Any CPU
		{E090FB3D-3780-44BE-915D-208DADC0A9EC}.Release|Any CPU.ActiveCfg = Release|Any CPU
		{E090FB3D-3780-44BE-915D-208DADC0A9EC}.Release|Any CPU.Build.0 = Release|Any CPU
		{8E651B1A-DC1C-4E74-9760-963823D149B5}.Debug|Any CPU.ActiveCfg = Debug|Any CPU
		{8E651B1A-DC1C-4E74-9760-963823D149B5}.Debug|Any CPU.Build.0 = Debug|Any CPU
		{8E651B1A-DC1C-4E74-9760-963823D149B5}.Release|Any CPU.ActiveCfg = Release|Any CPU
		{8E651B1A-DC1C-4E74-9760-963823D149B5}.Release|Any CPU.Build.0 = Release|Any CPU
		{ECBD22E2-904C-4E49-95E4-F3F0622A05B0}.Debug|Any CPU.ActiveCfg = Debug|Any CPU
		{ECBD22E2-904C-4E49-95E4-F3F0622A05B0}.Debug|Any CPU.Build.0 = Debug|Any CPU
		{ECBD22E2-904C-4E49-95E4-F3F0622A05B0}.Release|Any CPU.ActiveCfg = Release|Any CPU
		{ECBD22E2-904C-4E49-95E4-F3F0622A05B0}.Release|Any CPU.Build.0 = Release|Any CPU
		{78E401EB-4509-4A48-BFB3-61FC23B56B7C}.Debug|Any CPU.ActiveCfg = Debug|Any CPU
		{78E401EB-4509-4A48-BFB3-61FC23B56B7C}.Debug|Any CPU.Build.0 = Debug|Any CPU
		{78E401EB-4509-4A48-BFB3-61FC23B56B7C}.Release|Any CPU.ActiveCfg = Release|Any CPU
		{78E401EB-4509-4A48-BFB3-61FC23B56B7C}.Release|Any CPU.Build.0 = Release|Any CPU
		{8050B769-AEFD-45EC-B5C9-00569AA8FE1B}.Debug|Any CPU.ActiveCfg = Debug|Any CPU
		{8050B769-AEFD-45EC-B5C9-00569AA8FE1B}.Debug|Any CPU.Build.0 = Debug|Any CPU
		{8050B769-AEFD-45EC-B5C9-00569AA8FE1B}.Release|Any CPU.ActiveCfg = Release|Any CPU
		{8050B769-AEFD-45EC-B5C9-00569AA8FE1B}.Release|Any CPU.Build.0 = Release|Any CPU
		{AA4F618D-F45B-454C-BDB7-4351D3175667}.Debug|Any CPU.ActiveCfg = Debug|Any CPU
		{AA4F618D-F45B-454C-BDB7-4351D3175667}.Debug|Any CPU.Build.0 = Debug|Any CPU
		{AA4F618D-F45B-454C-BDB7-4351D3175667}.Release|Any CPU.ActiveCfg = Release|Any CPU
		{AA4F618D-F45B-454C-BDB7-4351D3175667}.Release|Any CPU.Build.0 = Release|Any CPU
	EndGlobalSection
	GlobalSection(SolutionProperties) = preSolution
		HideSolutionNode = FALSE
	EndGlobalSection
	GlobalSection(NestedProjects) = preSolution
		{E4ECE58F-E6E1-4A41-B207-4DEB2F89AA1B} = {3AD28897-48F7-480A-9A01-D6B87174F278}
		{BE12FFAA-42B9-4E62-8F2D-F47A6030891F} = {3AD28897-48F7-480A-9A01-D6B87174F278}
		{E090FB3D-3780-44BE-915D-208DADC0A9EC} = {3AD28897-48F7-480A-9A01-D6B87174F278}
		{8E651B1A-DC1C-4E74-9760-963823D149B5} = {3AD28897-48F7-480A-9A01-D6B87174F278}
		{ECBD22E2-904C-4E49-95E4-F3F0622A05B0} = {3AD28897-48F7-480A-9A01-D6B87174F278}
		{78E401EB-4509-4A48-BFB3-61FC23B56B7C} = {3B23B561-BCA8-4148-90DA-05968BC05EA1}
		{8050B769-AEFD-45EC-B5C9-00569AA8FE1B} = {387BA6E9-6590-43EC-AB8B-ACC769747A73}
		{AA4F618D-F45B-454C-BDB7-4351D3175667} = {387BA6E9-6590-43EC-AB8B-ACC769747A73}
	EndGlobalSection
	GlobalSection(ExtensibilityGlobals) = postSolution
		SolutionGuid = {E11409FA-1D6D-4A01-9DA6-008195EB6874}
	EndGlobalSection
EndGlobal
